// !$*UTF8*$!
{
	archiveVersion = 1;
	classes = {
	};
	objectVersion = 50;
	objects = {

/* Begin PBXBuildFile section */
		25FF06A6236C02A000086588 /* AppDelegate.swift in Sources */ = {isa = PBXBuildFile; fileRef = 25FF06A5236C02A000086588 /* AppDelegate.swift */; };
		25FF06A8236C02A000086588 /* SceneDelegate.swift in Sources */ = {isa = PBXBuildFile; fileRef = 25FF06A7236C02A000086588 /* SceneDelegate.swift */; };
		25FF06AA236C02A000086588 /* ViewController.swift in Sources */ = {isa = PBXBuildFile; fileRef = 25FF06A9236C02A000086588 /* ViewController.swift */; };
		25FF06AD236C02A000086588 /* Main.storyboard in Resources */ = {isa = PBXBuildFile; fileRef = 25FF06AB236C02A000086588 /* Main.storyboard */; };
		25FF06AF236C02A200086588 /* Assets.xcassets in Resources */ = {isa = PBXBuildFile; fileRef = 25FF06AE236C02A200086588 /* Assets.xcassets */; };
		25FF06B2236C02A200086588 /* LaunchScreen.storyboard in Resources */ = {isa = PBXBuildFile; fileRef = 25FF06B0236C02A200086588 /* LaunchScreen.storyboard */; };
		25FF06BB236C07F700086588 /* CoreLocation.framework in Frameworks */ = {isa = PBXBuildFile; fileRef = 25FF06BA236C07F700086588 /* CoreLocation.framework */; };
		25FF06BD236C080800086588 /* CoreBluetooth.framework in Frameworks */ = {isa = PBXBuildFile; fileRef = 25FF06BC236C080800086588 /* CoreBluetooth.framework */; };
/* End PBXBuildFile section */

/* Begin PBXFileReference section */
		25FF06A2236C02A000086588 /* iBeaconTransmission.app */ = {isa = PBXFileReference; explicitFileType = wrapper.application; includeInIndex = 0; path = iBeaconTransmission.app; sourceTree = BUILT_PRODUCTS_DIR; };
		25FF06A5236C02A000086588 /* AppDelegate.swift */ = {isa = PBXFileReference; lastKnownFileType = sourcecode.swift; path = AppDelegate.swift; sourceTree = "<group>"; };
		25FF06A7236C02A000086588 /* SceneDelegate.swift */ = {isa = PBXFileReference; lastKnownFileType = sourcecode.swift; path = SceneDelegate.swift; sourceTree = "<group>"; };
		25FF06A9236C02A000086588 /* ViewController.swift */ = {isa = PBXFileReference; lastKnownFileType = sourcecode.swift; path = ViewController.swift; sourceTree = "<group>"; };
		25FF06AC236C02A000086588 /* Base */ = {isa = PBXFileReference; lastKnownFileType = file.storyboard; name = Base; path = Base.lproj/Main.storyboard; sourceTree = "<group>"; };
		25FF06AE236C02A200086588 /* Assets.xcassets */ = {isa = PBXFileReference; lastKnownFileType = folder.assetcatalog; path = Assets.xcassets; sourceTree = "<group>"; };
		25FF06B1236C02A200086588 /* Base */ = {isa = PBXFileReference; lastKnownFileType = file.storyboard; name = Base; path = Base.lproj/LaunchScreen.storyboard; sourceTree = "<group>"; };
		25FF06B3236C02A200086588 /* Info.plist */ = {isa = PBXFileReference; lastKnownFileType = text.plist.xml; path = Info.plist; sourceTree = "<group>"; };
		25FF06BA236C07F700086588 /* CoreLocation.framework */ = {isa = PBXFileReference; lastKnownFileType = wrapper.framework; name = CoreLocation.framework; path = System/Library/Frameworks/CoreLocation.framework; sourceTree = SDKROOT; };
		25FF06BC236C080800086588 /* CoreBluetooth.framework */ = {isa = PBXFileReference; lastKnownFileType = wrapper.framework; name = CoreBluetooth.framework; path = System/Library/Frameworks/CoreBluetooth.framework; sourceTree = SDKROOT; };
/* End PBXFileReference section */

/* Begin PBXFrameworksBuildPhase section */
		25FF069F236C02A000086588 /* Frameworks */ = {
			isa = PBXFrameworksBuildPhase;
			buildActionMask = 2147483647;
			files = (
				25FF06BD236C080800086588 /* CoreBluetooth.framework in Frameworks */,
				25FF06BB236C07F700086588 /* CoreLocation.framework in Frameworks */,
			);
			runOnlyForDeploymentPostprocessing = 0;
		};
/* End PBXFrameworksBuildPhase section */

/* Begin PBXGroup section */
		25FF0699236C02A000086588 = {
			isa = PBXGroup;
			children = (
				25FF06A4236C02A000086588 /* iBeaconTransmission */,
				25FF06A3236C02A000086588 /* Products */,
				25FF06B9236C07F700086588 /* Frameworks */,
			);
			sourceTree = "<group>";
		};
		25FF06A3236C02A000086588 /* Products */ = {
			isa = PBXGroup;
			children = (
				25FF06A2236C02A000086588 /* iBeaconTransmission.app */,
			);
			name = Products;
			sourceTree = "<group>";
		};
		25FF06A4236C02A000086588 /* iBeaconTransmission */ = {
			isa = PBXGroup;
			children = (
				25FF06A5236C02A000086588 /* AppDelegate.swift */,
				25FF06A7236C02A000086588 /* SceneDelegate.swift */,
				25FF06A9236C02A000086588 /* ViewController.swift */,
				25FF06AB236C02A000086588 /* Main.storyboard */,
				25FF06AE236C02A200086588 /* Assets.xcassets */,
				25FF06B0236C02A200086588 /* LaunchScreen.storyboard */,
				25FF06B3236C02A200086588 /* Info.plist */,
			);
			path = iBeaconTransmission;
			sourceTree = "<group>";
		};
		25FF06B9236C07F700086588 /* Frameworks */ = {
			isa = PBXGroup;
			children = (
				25FF06BC236C080800086588 /* CoreBluetooth.framework */,
				25FF06BA236C07F700086588 /* CoreLocation.framework */,
			);
			name = Frameworks;
			sourceTree = "<group>";
		};
/* End PBXGroup section */

/* Begin PBXNativeTarget section */
		25FF06A1236C02A000086588 /* iBeaconTransmission */ = {
			isa = PBXNativeTarget;
			buildConfigurationList = 25FF06B6236C02A200086588 /* Build configuration list for PBXNativeTarget "iBeaconTransmission" */;
			buildPhases = (
				25FF069E236C02A000086588 /* Sources */,
				25FF069F236C02A000086588 /* Frameworks */,
				25FF06A0236C02A000086588 /* Resources */,
			);
			buildRules = (
			);
			dependencies = (
			);
			name = iBeaconTransmission;
			productName = iBeaconTransmission;
			productReference = 25FF06A2236C02A000086588 /* iBeaconTransmission.app */;
			productType = "com.apple.product-type.application";
		};
/* End PBXNativeTarget section */

/* Begin PBXProject section */
		25FF069A236C02A000086588 /* Project object */ = {
			isa = PBXProject;
			attributes = {
				LastSwiftUpdateCheck = 1120;
				LastUpgradeCheck = 1120;
				ORGANIZATIONNAME = "Shun Kuma";
				TargetAttributes = {
					25FF06A1236C02A000086588 = {
						CreatedOnToolsVersion = 11.2;
					};
				};
			};
			buildConfigurationList = 25FF069D236C02A000086588 /* Build configuration list for PBXProject "iBeaconTransmission" */;
			compatibilityVersion = "Xcode 9.3";
			developmentRegion = en;
			hasScannedForEncodings = 0;
			knownRegions = (
				en,
				Base,
			);
			mainGroup = 25FF0699236C02A000086588;
			productRefGroup = 25FF06A3236C02A000086588 /* Products */;
			projectDirPath = "";
			projectRoot = "";
			targets = (
				25FF06A1236C02A000086588 /* iBeaconTransmission */,
			);
		};
/* End PBXProject section */

/* Begin PBXResourcesBuildPhase section */
		25FF06A0236C02A000086588 /* Resources */ = {
			isa = PBXResourcesBuildPhase;
			buildActionMask = 2147483647;
			files = (
				25FF06B2236C02A200086588 /* LaunchScreen.storyboard in Resources */,
				25FF06AF236C02A200086588 /* Assets.xcassets in Resources */,
				25FF06AD236C02A000086588 /* Main.storyboard in Resources */,
			);
			runOnlyForDeploymentPostprocessing = 0;
		};
/* End PBXResourcesBuildPhase section */

/* Begin PBXSourcesBuildPhase section */
		25FF069E236C02A000086588 /* Sources */ = {
			isa = PBXSourcesBuildPhase;
			buildActionMask = 2147483647;
			files = (
				25FF06AA236C02A000086588 /* ViewController.swift in Sources */,
				25FF06A6236C02A000086588 /* AppDelegate.swift in Sources */,
				25FF06A8236C02A000086588 /* SceneDelegate.swift in Sources */,
			);
			runOnlyForDeploymentPostprocessing = 0;
		};
/* End PBXSourcesBuildPhase section */

/* Begin PBXVariantGroup section */
		25FF06AB236C02A000086588 /* Main.storyboard */ = {
			isa = PBXVariantGroup;
			children = (
				25FF06AC236C02A000086588 /* Base */,
			);
			name = Main.storyboard;
			sourceTree = "<group>";
		};
		25FF06B0236C02A200086588 /* LaunchScreen.storyboard */ = {
			isa = PBXVariantGroup;
			children = (
				25FF06B1236C02A200086588 /* Base */,
			);
			name = LaunchScreen.storyboard;
			sourceTree = "<group>";
		};
/* End PBXVariantGroup section */

/* Begin XCBuildConfiguration section */
		25FF06B4236C02A200086588 /* Debug */ = {
			isa = XCBuildConfiguration;
			buildSettings = {
				ALWAYS_SEARCH_USER_PATHS = NO;
				CLANG_ANALYZER_NONNULL = YES;
				CLANG_ANALYZER_NUMBER_OBJECT_CONVERSION = YES_AGGRESSIVE;
				CLANG_CXX_LANGUAGE_STANDARD = "gnu++14";
				CLANG_CXX_LIBRARY = "libc++";
				CLANG_ENABLE_MODULES = YES;
				CLANG_ENABLE_OBJC_ARC = YES;
				CLANG_ENABLE_OBJC_WEAK = YES;
				CLANG_WARN_BLOCK_CAPTURE_AUTORELEASING = YES;
				CLANG_WARN_BOOL_CONVERSION = YES;
				CLANG_WARN_COMMA = YES;
				CLANG_WARN_CONSTANT_CONVERSION = YES;
				CLANG_WARN_DEPRECATED_OBJC_IMPLEMENTATIONS = YES;
				CLANG_WARN_DIRECT_OBJC_ISA_USAGE = YES_ERROR;
				CLANG_WARN_DOCUMENTATION_COMMENTS = YES;
				CLANG_WARN_EMPTY_BODY = YES;
				CLANG_WARN_ENUM_CONVERSION = YES;
				CLANG_WARN_INFINITE_RECURSION = YES;
				CLANG_WARN_INT_CONVERSION = YES;
				CLANG_WARN_NON_LITERAL_NULL_CONVERSION = YES;
				CLANG_WARN_OBJC_IMPLICIT_RETAIN_SELF = YES;
				CLANG_WARN_OBJC_LITERAL_CONVERSION = YES;
				CLANG_WARN_OBJC_ROOT_CLASS = YES_ERROR;
				CLANG_WARN_RANGE_LOOP_ANALYSIS = YES;
				CLANG_WARN_STRICT_PROTOTYPES = YES;
				CLANG_WARN_SUSPICIOUS_MOVE = YES;
				CLANG_WARN_UNGUARDED_AVAILABILITY = YES_AGGRESSIVE;
				CLANG_WARN_UNREACHABLE_CODE = YES;
				CLANG_WARN__DUPLICATE_METHOD_MATCH = YES;
				COPY_PHASE_STRIP = NO;
				DEBUG_INFORMATION_FORMAT = dwarf;
				ENABLE_STRICT_OBJC_MSGSEND = YES;
				ENABLE_TESTABILITY = YES;
				GCC_C_LANGUAGE_STANDARD = gnu11;
				GCC_DYNAMIC_NO_PIC = NO;
				GCC_NO_COMMON_BLOCKS = YES;
				GCC_OPTIMIZATION_LEVEL = 0;
				GCC_PREPROCESSOR_DEFINITIONS = (
					"DEBUG=1",
					"$(inherited)",
				);
				GCC_WARN_64_TO_32_BIT_CONVERSION = YES;
				GCC_WARN_ABOUT_RETURN_TYPE = YES_ERROR;
				GCC_WARN_UNDECLARED_SELECTOR = YES;
				GCC_WARN_UNINITIALIZED_AUTOS = YES_AGGRESSIVE;
				GCC_WARN_UNUSED_FUNCTION = YES;
				GCC_WARN_UNUSED_VARIABLE = YES;
				IPHONEOS_DEPLOYMENT_TARGET = 13.2;
				MTL_ENABLE_DEBUG_INFO = INCLUDE_SOURCE;
				MTL_FAST_MATH = YES;
				ONLY_ACTIVE_ARCH = YES;
				SDKROOT = iphoneos;
				SWIFT_ACTIVE_COMPILATION_CONDITIONS = DEBUG;
				SWIFT_OPTIMIZATION_LEVEL = "-Onone";
			};
			name = Debug;
		};
		25FF06B5236C02A200086588 /* Release */ = {
			isa = XCBuildConfiguration;
			buildSettings = {
				ALWAYS_SEARCH_USER_PATHS = NO;
				CLANG_ANALYZER_NONNULL = YES;
				CLANG_ANALYZER_NUMBER_OBJECT_CONVERSION = YES_AGGRESSIVE;
				CLANG_CXX_LANGUAGE_STANDARD = "gnu++14";
				CLANG_CXX_LIBRARY = "libc++";
				CLANG_ENABLE_MODULES = YES;
				CLANG_ENABLE_OBJC_ARC = YES;
				CLANG_ENABLE_OBJC_WEAK = YES;
				CLANG_WARN_BLOCK_CAPTURE_AUTORELEASING = YES;
				CLANG_WARN_BOOL_CONVERSION = YES;
				CLANG_WARN_COMMA = YES;
				CLANG_WARN_CONSTANT_CONVERSION = YES;
				CLANG_WARN_DEPRECATED_OBJC_IMPLEMENTATIONS = YES;
				CLANG_WARN_DIRECT_OBJC_ISA_USAGE = YES_ERROR;
				CLANG_WARN_DOCUMENTATION_COMMENTS = YES;
				CLANG_WARN_EMPTY_BODY = YES;
				CLANG_WARN_ENUM_CONVERSION = YES;
				CLANG_WARN_INFINITE_RECURSION = YES;
				CLANG_WARN_INT_CONVERSION = YES;
				CLANG_WARN_NON_LITERAL_NULL_CONVERSION = YES;
				CLANG_WARN_OBJC_IMPLICIT_RETAIN_SELF = YES;
				CLANG_WARN_OBJC_LITERAL_CONVERSION = YES;
				CLANG_WARN_OBJC_ROOT_CLASS = YES_ERROR;
				CLANG_WARN_RANGE_LOOP_ANALYSIS = YES;
				CLANG_WARN_STRICT_PROTOTYPES = YES;
				CLANG_WARN_SUSPICIOUS_MOVE = YES;
				CLANG_WARN_UNGUARDED_AVAILABILITY = YES_AGGRESSIVE;
				CLANG_WARN_UNREACHABLE_CODE = YES;
				CLANG_WARN__DUPLICATE_METHOD_MATCH = YES;
				COPY_PHASE_STRIP = NO;
				DEBUG_INFORMATION_FORMAT = "dwarf-with-dsym";
				ENABLE_NS_ASSERTIONS = NO;
				ENABLE_STRICT_OBJC_MSGSEND = YES;
				GCC_C_LANGUAGE_STANDARD = gnu11;
				GCC_NO_COMMON_BLOCKS = YES;
				GCC_WARN_64_TO_32_BIT_CONVERSION = YES;
				GCC_WARN_ABOUT_RETURN_TYPE = YES_ERROR;
				GCC_WARN_UNDECLARED_SELECTOR = YES;
				GCC_WARN_UNINITIALIZED_AUTOS = YES_AGGRESSIVE;
				GCC_WARN_UNUSED_FUNCTION = YES;
				GCC_WARN_UNUSED_VARIABLE = YES;
				IPHONEOS_DEPLOYMENT_TARGET = 13.2;
				MTL_ENABLE_DEBUG_INFO = NO;
				MTL_FAST_MATH = YES;
				SDKROOT = iphoneos;
				SWIFT_COMPILATION_MODE = wholemodule;
				SWIFT_OPTIMIZATION_LEVEL = "-O";
				VALIDATE_PRODUCT = YES;
			};
			name = Release;
		};
		25FF06B7236C02A200086588 /* Debug */ = {
			isa = XCBuildConfiguration;
			buildSettings = {
				ASSETCATALOG_COMPILER_APPICON_NAME = AppIcon;
				CODE_SIGN_STYLE = Automatic;
				DEVELOPMENT_TEAM = CD6K2B62GW;
				INFOPLIST_FILE = iBeaconTransmission/Info.plist;
				IPHONEOS_DEPLOYMENT_TARGET = 12.1;
				LD_RUNPATH_SEARCH_PATHS = (
					"$(inherited)",
					"@executable_path/Frameworks",
				);
				PRODUCT_BUNDLE_IDENTIFIER = jp.ac.fun.iBeaconTransmission;
				PRODUCT_NAME = "$(TARGET_NAME)";
				SWIFT_VERSION = 4.2;
				TARGETED_DEVICE_FAMILY = "1,2";
			};
			name = Debug;
		};
		25FF06B8236C02A200086588 /* Release */ = {
			isa = XCBuildConfiguration;
			buildSettings = {
				ASSETCATALOG_COMPILER_APPICON_NAME = AppIcon;
				CODE_SIGN_STYLE = Automatic;
				DEVELOPMENT_TEAM = CD6K2B62GW;
				INFOPLIST_FILE = iBeaconTransmission/Info.plist;
				IPHONEOS_DEPLOYMENT_TARGET = 12.1;
				LD_RUNPATH_SEARCH_PATHS = (
					"$(inherited)",
					"@executable_path/Frameworks",
				);
				PRODUCT_BUNDLE_IDENTIFIER = jp.ac.fun.iBeaconTransmission;
				PRODUCT_NAME = "$(TARGET_NAME)";
				SWIFT_VERSION = 4.2;
				TARGETED_DEVICE_FAMILY = "1,2";
			};
			name = Release;
		};
/* End XCBuildConfiguration section */

/* Begin XCConfigurationList section */
		25FF069D236C02A000086588 /* Build configuration list for PBXProject "iBeaconTransmission" */ = {
			isa = XCConfigurationList;
			buildConfigurations = (
				25FF06B4236C02A200086588 /* Debug */,
				25FF06B5236C02A200086588 /* Release */,
			);
			defaultConfigurationIsVisible = 0;
			defaultConfigurationName = Release;
		};
		25FF06B6236C02A200086588 /* Build configuration list for PBXNativeTarget "iBeaconTransmission" */ = {
			isa = XCConfigurationList;
			buildConfigurations = (
				25FF06B7236C02A200086588 /* Debug */,
				25FF06B8236C02A200086588 /* Release */,
			);
			defaultConfigurationIsVisible = 0;
			defaultConfigurationName = Release;
		};
/* End XCConfigurationList section */
	};
	rootObject = 25FF069A236C02A000086588 /* Project object */;
}
