// !$*UTF8*$!
{
	archiveVersion = 1;
	classes = {
	};
	objectVersion = 50;
	objects = {

/* Begin PBXBuildFile section */
		250793AE22FFDC3400C43E59 /* AppDelegate.swift in Sources */ = {isa = PBXBuildFile; fileRef = 250793AD22FFDC3400C43E59 /* AppDelegate.swift */; };
		250793B022FFDC3400C43E59 /* ViewController.swift in Sources */ = {isa = PBXBuildFile; fileRef = 250793AF22FFDC3400C43E59 /* ViewController.swift */; };
		250793B322FFDC3400C43E59 /* Main.storyboard in Resources */ = {isa = PBXBuildFile; fileRef = 250793B122FFDC3400C43E59 /* Main.storyboard */; };
		250793B522FFDC3500C43E59 /* Assets.xcassets in Resources */ = {isa = PBXBuildFile; fileRef = 250793B422FFDC3500C43E59 /* Assets.xcassets */; };
		250793B822FFDC3500C43E59 /* LaunchScreen.storyboard in Resources */ = {isa = PBXBuildFile; fileRef = 250793B622FFDC3500C43E59 /* LaunchScreen.storyboard */; };
		250793C322FFDC3500C43E59 /* HelloWorldTests.swift in Sources */ = {isa = PBXBuildFile; fileRef = 250793C222FFDC3500C43E59 /* HelloWorldTests.swift */; };
		250793CE22FFDC3500C43E59 /* HelloWorldUITests.swift in Sources */ = {isa = PBXBuildFile; fileRef = 250793CD22FFDC3500C43E59 /* HelloWorldUITests.swift */; };
/* End PBXBuildFile section */

/* Begin PBXContainerItemProxy section */
		250793BF22FFDC3500C43E59 /* PBXContainerItemProxy */ = {
			isa = PBXContainerItemProxy;
			containerPortal = 250793A222FFDC3400C43E59 /* Project object */;
			proxyType = 1;
			remoteGlobalIDString = 250793A922FFDC3400C43E59;
			remoteInfo = HelloWorld;
		};
		250793CA22FFDC3500C43E59 /* PBXContainerItemProxy */ = {
			isa = PBXContainerItemProxy;
			containerPortal = 250793A222FFDC3400C43E59 /* Project object */;
			proxyType = 1;
			remoteGlobalIDString = 250793A922FFDC3400C43E59;
			remoteInfo = HelloWorld;
		};
/* End PBXContainerItemProxy section */

/* Begin PBXFileReference section */
		250793AA22FFDC3400C43E59 /* HelloWorld.app */ = {isa = PBXFileReference; explicitFileType = wrapper.application; includeInIndex = 0; path = HelloWorld.app; sourceTree = BUILT_PRODUCTS_DIR; };
		250793AD22FFDC3400C43E59 /* AppDelegate.swift */ = {isa = PBXFileReference; lastKnownFileType = sourcecode.swift; path = AppDelegate.swift; sourceTree = "<group>"; };
		250793AF22FFDC3400C43E59 /* ViewController.swift */ = {isa = PBXFileReference; lastKnownFileType = sourcecode.swift; path = ViewController.swift; sourceTree = "<group>"; };
		250793B222FFDC3400C43E59 /* Base */ = {isa = PBXFileReference; lastKnownFileType = file.storyboard; name = Base; path = Base.lproj/Main.storyboard; sourceTree = "<group>"; };
		250793B422FFDC3500C43E59 /* Assets.xcassets */ = {isa = PBXFileReference; lastKnownFileType = folder.assetcatalog; path = Assets.xcassets; sourceTree = "<group>"; };
		250793B722FFDC3500C43E59 /* Base */ = {isa = PBXFileReference; lastKnownFileType = file.storyboard; name = Base; path = Base.lproj/LaunchScreen.storyboard; sourceTree = "<group>"; };
		250793B922FFDC3500C43E59 /* Info.plist */ = {isa = PBXFileReference; lastKnownFileType = text.plist.xml; path = Info.plist; sourceTree = "<group>"; };
		250793BE22FFDC3500C43E59 /* HelloWorldTests.xctest */ = {isa = PBXFileReference; explicitFileType = wrapper.cfbundle; includeInIndex = 0; path = HelloWorldTests.xctest; sourceTree = BUILT_PRODUCTS_DIR; };
		250793C222FFDC3500C43E59 /* HelloWorldTests.swift */ = {isa = PBXFileReference; lastKnownFileType = sourcecode.swift; path = HelloWorldTests.swift; sourceTree = "<group>"; };
		250793C422FFDC3500C43E59 /* Info.plist */ = {isa = PBXFileReference; lastKnownFileType = text.plist.xml; path = Info.plist; sourceTree = "<group>"; };
		250793C922FFDC3500C43E59 /* HelloWorldUITests.xctest */ = {isa = PBXFileReference; explicitFileType = wrapper.cfbundle; includeInIndex = 0; path = HelloWorldUITests.xctest; sourceTree = BUILT_PRODUCTS_DIR; };
		250793CD22FFDC3500C43E59 /* HelloWorldUITests.swift */ = {isa = PBXFileReference; lastKnownFileType = sourcecode.swift; path = HelloWorldUITests.swift; sourceTree = "<group>"; };
		250793CF22FFDC3500C43E59 /* Info.plist */ = {isa = PBXFileReference; lastKnownFileType = text.plist.xml; path = Info.plist; sourceTree = "<group>"; };
/* End PBXFileReference section */

/* Begin PBXFrameworksBuildPhase section */
		250793A722FFDC3400C43E59 /* Frameworks */ = {
			isa = PBXFrameworksBuildPhase;
			buildActionMask = 2147483647;
			files = (
			);
			runOnlyForDeploymentPostprocessing = 0;
		};
		250793BB22FFDC3500C43E59 /* Frameworks */ = {
			isa = PBXFrameworksBuildPhase;
			buildActionMask = 2147483647;
			files = (
			);
			runOnlyForDeploymentPostprocessing = 0;
		};
		250793C622FFDC3500C43E59 /* Frameworks */ = {
			isa = PBXFrameworksBuildPhase;
			buildActionMask = 2147483647;
			files = (
			);
			runOnlyForDeploymentPostprocessing = 0;
		};
/* End PBXFrameworksBuildPhase section */

/* Begin PBXGroup section */
		250793A122FFDC3400C43E59 = {
			isa = PBXGroup;
			children = (
				250793AC22FFDC3400C43E59 /* HelloWorld */,
				250793C122FFDC3500C43E59 /* HelloWorldTests */,
				250793CC22FFDC3500C43E59 /* HelloWorldUITests */,
				250793AB22FFDC3400C43E59 /* Products */,
			);
			sourceTree = "<group>";
		};
		250793AB22FFDC3400C43E59 /* Products */ = {
			isa = PBXGroup;
			children = (
				250793AA22FFDC3400C43E59 /* HelloWorld.app */,
				250793BE22FFDC3500C43E59 /* HelloWorldTests.xctest */,
				250793C922FFDC3500C43E59 /* HelloWorldUITests.xctest */,
			);
			name = Products;
			sourceTree = "<group>";
		};
		250793AC22FFDC3400C43E59 /* HelloWorld */ = {
			isa = PBXGroup;
			children = (
				250793AD22FFDC3400C43E59 /* AppDelegate.swift */,
				250793AF22FFDC3400C43E59 /* ViewController.swift */,
				250793B122FFDC3400C43E59 /* Main.storyboard */,
				250793B422FFDC3500C43E59 /* Assets.xcassets */,
				250793B622FFDC3500C43E59 /* LaunchScreen.storyboard */,
				250793B922FFDC3500C43E59 /* Info.plist */,
			);
			path = HelloWorld;
			sourceTree = "<group>";
		};
		250793C122FFDC3500C43E59 /* HelloWorldTests */ = {
			isa = PBXGroup;
			children = (
				250793C222FFDC3500C43E59 /* HelloWorldTests.swift */,
				250793C422FFDC3500C43E59 /* Info.plist */,
			);
			path = HelloWorldTests;
			sourceTree = "<group>";
		};
		250793CC22FFDC3500C43E59 /* HelloWorldUITests */ = {
			isa = PBXGroup;
			children = (
				250793CD22FFDC3500C43E59 /* HelloWorldUITests.swift */,
				250793CF22FFDC3500C43E59 /* Info.plist */,
			);
			path = HelloWorldUITests;
			sourceTree = "<group>";
		};
/* End PBXGroup section */

/* Begin PBXNativeTarget section */
		250793A922FFDC3400C43E59 /* HelloWorld */ = {
			isa = PBXNativeTarget;
			buildConfigurationList = 250793D222FFDC3500C43E59 /* Build configuration list for PBXNativeTarget "HelloWorld" */;
			buildPhases = (
				250793A622FFDC3400C43E59 /* Sources */,
				250793A722FFDC3400C43E59 /* Frameworks */,
				250793A822FFDC3400C43E59 /* Resources */,
			);
			buildRules = (
			);
			dependencies = (
			);
			name = HelloWorld;
			productName = HelloWorld;
			productReference = 250793AA22FFDC3400C43E59 /* HelloWorld.app */;
			productType = "com.apple.product-type.application";
		};
		250793BD22FFDC3500C43E59 /* HelloWorldTests */ = {
			isa = PBXNativeTarget;
			buildConfigurationList = 250793D522FFDC3500C43E59 /* Build configuration list for PBXNativeTarget "HelloWorldTests" */;
			buildPhases = (
				250793BA22FFDC3500C43E59 /* Sources */,
				250793BB22FFDC3500C43E59 /* Frameworks */,
				250793BC22FFDC3500C43E59 /* Resources */,
			);
			buildRules = (
			);
			dependencies = (
				250793C022FFDC3500C43E59 /* PBXTargetDependency */,
			);
			name = HelloWorldTests;
			productName = HelloWorldTests;
			productReference = 250793BE22FFDC3500C43E59 /* HelloWorldTests.xctest */;
			productType = "com.apple.product-type.bundle.unit-test";
		};
		250793C822FFDC3500C43E59 /* HelloWorldUITests */ = {
			isa = PBXNativeTarget;
			buildConfigurationList = 250793D822FFDC3500C43E59 /* Build configuration list for PBXNativeTarget "HelloWorldUITests" */;
			buildPhases = (
				250793C522FFDC3500C43E59 /* Sources */,
				250793C622FFDC3500C43E59 /* Frameworks */,
				250793C722FFDC3500C43E59 /* Resources */,
			);
			buildRules = (
			);
			dependencies = (
				250793CB22FFDC3500C43E59 /* PBXTargetDependency */,
			);
			name = HelloWorldUITests;
			productName = HelloWorldUITests;
			productReference = 250793C922FFDC3500C43E59 /* HelloWorldUITests.xctest */;
			productType = "com.apple.product-type.bundle.ui-testing";
		};
/* End PBXNativeTarget section */

/* Begin PBXProject section */
		250793A222FFDC3400C43E59 /* Project object */ = {
			isa = PBXProject;
			attributes = {
				LastSwiftUpdateCheck = 1030;
				LastUpgradeCheck = 1030;
				ORGANIZATIONNAME = "Shun Kuma";
				TargetAttributes = {
					250793A922FFDC3400C43E59 = {
						CreatedOnToolsVersion = 10.3;
					};
					250793BD22FFDC3500C43E59 = {
						CreatedOnToolsVersion = 10.3;
						TestTargetID = 250793A922FFDC3400C43E59;
					};
					250793C822FFDC3500C43E59 = {
						CreatedOnToolsVersion = 10.3;
						TestTargetID = 250793A922FFDC3400C43E59;
					};
				};
			};
			buildConfigurationList = 250793A522FFDC3400C43E59 /* Build configuration list for PBXProject "HelloWorld" */;
			compatibilityVersion = "Xcode 9.3";
			developmentRegion = en;
			hasScannedForEncodings = 0;
			knownRegions = (
				en,
				Base,
			);
			mainGroup = 250793A122FFDC3400C43E59;
			productRefGroup = 250793AB22FFDC3400C43E59 /* Products */;
			projectDirPath = "";
			projectRoot = "";
			targets = (
				250793A922FFDC3400C43E59 /* HelloWorld */,
				250793BD22FFDC3500C43E59 /* HelloWorldTests */,
				250793C822FFDC3500C43E59 /* HelloWorldUITests */,
			);
		};
/* End PBXProject section */

/* Begin PBXResourcesBuildPhase section */
		250793A822FFDC3400C43E59 /* Resources */ = {
			isa = PBXResourcesBuildPhase;
			buildActionMask = 2147483647;
			files = (
				250793B822FFDC3500C43E59 /* LaunchScreen.storyboard in Resources */,
				250793B522FFDC3500C43E59 /* Assets.xcassets in Resources */,
				250793B322FFDC3400C43E59 /* Main.storyboard in Resources */,
			);
			runOnlyForDeploymentPostprocessing = 0;
		};
		250793BC22FFDC3500C43E59 /* Resources */ = {
			isa = PBXResourcesBuildPhase;
			buildActionMask = 2147483647;
			files = (
			);
			runOnlyForDeploymentPostprocessing = 0;
		};
		250793C722FFDC3500C43E59 /* Resources */ = {
			isa = PBXResourcesBuildPhase;
			buildActionMask = 2147483647;
			files = (
			);
			runOnlyForDeploymentPostprocessing = 0;
		};
/* End PBXResourcesBuildPhase section */

/* Begin PBXSourcesBuildPhase section */
		250793A622FFDC3400C43E59 /* Sources */ = {
			isa = PBXSourcesBuildPhase;
			buildActionMask = 2147483647;
			files = (
				250793B022FFDC3400C43E59 /* ViewController.swift in Sources */,
				250793AE22FFDC3400C43E59 /* AppDelegate.swift in Sources */,
			);
			runOnlyForDeploymentPostprocessing = 0;
		};
		250793BA22FFDC3500C43E59 /* Sources */ = {
			isa = PBXSourcesBuildPhase;
			buildActionMask = 2147483647;
			files = (
				250793C322FFDC3500C43E59 /* HelloWorldTests.swift in Sources */,
			);
			runOnlyForDeploymentPostprocessing = 0;
		};
		250793C522FFDC3500C43E59 /* Sources */ = {
			isa = PBXSourcesBuildPhase;
			buildActionMask = 2147483647;
			files = (
				250793CE22FFDC3500C43E59 /* HelloWorldUITests.swift in Sources */,
			);
			runOnlyForDeploymentPostprocessing = 0;
		};
/* End PBXSourcesBuildPhase section */

/* Begin PBXTargetDependency section */
		250793C022FFDC3500C43E59 /* PBXTargetDependency */ = {
			isa = PBXTargetDependency;
			target = 250793A922FFDC3400C43E59 /* HelloWorld */;
			targetProxy = 250793BF22FFDC3500C43E59 /* PBXContainerItemProxy */;
		};
		250793CB22FFDC3500C43E59 /* PBXTargetDependency */ = {
			isa = PBXTargetDependency;
			target = 250793A922FFDC3400C43E59 /* HelloWorld */;
			targetProxy = 250793CA22FFDC3500C43E59 /* PBXContainerItemProxy */;
		};
/* End PBXTargetDependency section */

/* Begin PBXVariantGroup section */
		250793B122FFDC3400C43E59 /* Main.storyboard */ = {
			isa = PBXVariantGroup;
			children = (
				250793B222FFDC3400C43E59 /* Base */,
			);
			name = Main.storyboard;
			sourceTree = "<group>";
		};
		250793B622FFDC3500C43E59 /* LaunchScreen.storyboard */ = {
			isa = PBXVariantGroup;
			children = (
				250793B722FFDC3500C43E59 /* Base */,
			);
			name = LaunchScreen.storyboard;
			sourceTree = "<group>";
		};
/* End PBXVariantGroup section */

/* Begin XCBuildConfiguration section */
		250793D022FFDC3500C43E59 /* Debug */ = {
			isa = XCBuildConfiguration;
			buildSettings = {
				ALWAYS_SEARCH_USER_PATHS = NO;
				CLANG_ANALYZER_NONNULL = YES;
				CLANG_ANALYZER_NUMBER_OBJECT_CONVERSION = YES_AGGRESSIVE;
				CLANG_CXX_LANGUAGE_STANDARD = "gnu++14";
				CLANG_CXX_LIBRARY = "libc++";
				CLANG_ENABLE_MODULES = YES;
				CLANG_ENABLE_OBJC_ARC = YES;
				CLANG_ENABLE_OBJC_WEAK = YES;
				CLANG_WARN_BLOCK_CAPTURE_AUTORELEASING = YES;
				CLANG_WARN_BOOL_CONVERSION = YES;
				CLANG_WARN_COMMA = YES;
				CLANG_WARN_CONSTANT_CONVERSION = YES;
				CLANG_WARN_DEPRECATED_OBJC_IMPLEMENTATIONS = YES;
				CLANG_WARN_DIRECT_OBJC_ISA_USAGE = YES_ERROR;
				CLANG_WARN_DOCUMENTATION_COMMENTS = YES;
				CLANG_WARN_EMPTY_BODY = YES;
				CLANG_WARN_ENUM_CONVERSION = YES;
				CLANG_WARN_INFINITE_RECURSION = YES;
				CLANG_WARN_INT_CONVERSION = YES;
				CLANG_WARN_NON_LITERAL_NULL_CONVERSION = YES;
				CLANG_WARN_OBJC_IMPLICIT_RETAIN_SELF = YES;
				CLANG_WARN_OBJC_LITERAL_CONVERSION = YES;
				CLANG_WARN_OBJC_ROOT_CLASS = YES_ERROR;
				CLANG_WARN_RANGE_LOOP_ANALYSIS = YES;
				CLANG_WARN_STRICT_PROTOTYPES = YES;
				CLANG_WARN_SUSPICIOUS_MOVE = YES;
				CLANG_WARN_UNGUARDED_AVAILABILITY = YES_AGGRESSIVE;
				CLANG_WARN_UNREACHABLE_CODE = YES;
				CLANG_WARN__DUPLICATE_METHOD_MATCH = YES;
				CODE_SIGN_IDENTITY = "iPhone Developer";
				COPY_PHASE_STRIP = NO;
				DEBUG_INFORMATION_FORMAT = dwarf;
				ENABLE_STRICT_OBJC_MSGSEND = YES;
				ENABLE_TESTABILITY = YES;
				GCC_C_LANGUAGE_STANDARD = gnu11;
				GCC_DYNAMIC_NO_PIC = NO;
				GCC_NO_COMMON_BLOCKS = YES;
				GCC_OPTIMIZATION_LEVEL = 0;
				GCC_PREPROCESSOR_DEFINITIONS = (
					"DEBUG=1",
					"$(inherited)",
				);
				GCC_WARN_64_TO_32_BIT_CONVERSION = YES;
				GCC_WARN_ABOUT_RETURN_TYPE = YES_ERROR;
				GCC_WARN_UNDECLARED_SELECTOR = YES;
				GCC_WARN_UNINITIALIZED_AUTOS = YES_AGGRESSIVE;
				GCC_WARN_UNUSED_FUNCTION = YES;
				GCC_WARN_UNUSED_VARIABLE = YES;
				IPHONEOS_DEPLOYMENT_TARGET = 12.4;
				MTL_ENABLE_DEBUG_INFO = INCLUDE_SOURCE;
				MTL_FAST_MATH = YES;
				ONLY_ACTIVE_ARCH = YES;
				SDKROOT = iphoneos;
				SWIFT_ACTIVE_COMPILATION_CONDITIONS = DEBUG;
				SWIFT_OPTIMIZATION_LEVEL = "-Onone";
			};
			name = Debug;
		};
		250793D122FFDC3500C43E59 /* Release */ = {
			isa = XCBuildConfiguration;
			buildSettings = {
				ALWAYS_SEARCH_USER_PATHS = NO;
				CLANG_ANALYZER_NONNULL = YES;
				CLANG_ANALYZER_NUMBER_OBJECT_CONVERSION = YES_AGGRESSIVE;
				CLANG_CXX_LANGUAGE_STANDARD = "gnu++14";
				CLANG_CXX_LIBRARY = "libc++";
				CLANG_ENABLE_MODULES = YES;
				CLANG_ENABLE_OBJC_ARC = YES;
				CLANG_ENABLE_OBJC_WEAK = YES;
				CLANG_WARN_BLOCK_CAPTURE_AUTORELEASING = YES;
				CLANG_WARN_BOOL_CONVERSION = YES;
				CLANG_WARN_COMMA = YES;
				CLANG_WARN_CONSTANT_CONVERSION = YES;
				CLANG_WARN_DEPRECATED_OBJC_IMPLEMENTATIONS = YES;
				CLANG_WARN_DIRECT_OBJC_ISA_USAGE = YES_ERROR;
				CLANG_WARN_DOCUMENTATION_COMMENTS = YES;
				CLANG_WARN_EMPTY_BODY = YES;
				CLANG_WARN_ENUM_CONVERSION = YES;
				CLANG_WARN_INFINITE_RECURSION = YES;
				CLANG_WARN_INT_CONVERSION = YES;
				CLANG_WARN_NON_LITERAL_NULL_CONVERSION = YES;
				CLANG_WARN_OBJC_IMPLICIT_RETAIN_SELF = YES;
				CLANG_WARN_OBJC_LITERAL_CONVERSION = YES;
				CLANG_WARN_OBJC_ROOT_CLASS = YES_ERROR;
				CLANG_WARN_RANGE_LOOP_ANALYSIS = YES;
				CLANG_WARN_STRICT_PROTOTYPES = YES;
				CLANG_WARN_SUSPICIOUS_MOVE = YES;
				CLANG_WARN_UNGUARDED_AVAILABILITY = YES_AGGRESSIVE;
				CLANG_WARN_UNREACHABLE_CODE = YES;
				CLANG_WARN__DUPLICATE_METHOD_MATCH = YES;
				CODE_SIGN_IDENTITY = "iPhone Developer";
				COPY_PHASE_STRIP = NO;
				DEBUG_INFORMATION_FORMAT = "dwarf-with-dsym";
				ENABLE_NS_ASSERTIONS = NO;
				ENABLE_STRICT_OBJC_MSGSEND = YES;
				GCC_C_LANGUAGE_STANDARD = gnu11;
				GCC_NO_COMMON_BLOCKS = YES;
				GCC_WARN_64_TO_32_BIT_CONVERSION = YES;
				GCC_WARN_ABOUT_RETURN_TYPE = YES_ERROR;
				GCC_WARN_UNDECLARED_SELECTOR = YES;
				GCC_WARN_UNINITIALIZED_AUTOS = YES_AGGRESSIVE;
				GCC_WARN_UNUSED_FUNCTION = YES;
				GCC_WARN_UNUSED_VARIABLE = YES;
				IPHONEOS_DEPLOYMENT_TARGET = 12.4;
				MTL_ENABLE_DEBUG_INFO = NO;
				MTL_FAST_MATH = YES;
				SDKROOT = iphoneos;
				SWIFT_COMPILATION_MODE = wholemodule;
				SWIFT_OPTIMIZATION_LEVEL = "-O";
				VALIDATE_PRODUCT = YES;
			};
			name = Release;
		};
		250793D322FFDC3500C43E59 /* Debug */ = {
			isa = XCBuildConfiguration;
			buildSettings = {
				ASSETCATALOG_COMPILER_APPICON_NAME = AppIcon;
				CODE_SIGN_STYLE = Automatic;
				DEVELOPMENT_TEAM = CD6K2B62GW;
				INFOPLIST_FILE = HelloWorld/Info.plist;
				IPHONEOS_DEPLOYMENT_TARGET = 12.4;
				LD_RUNPATH_SEARCH_PATHS = (
					"$(inherited)",
					"@executable_path/Frameworks",
				);
				PRODUCT_BUNDLE_IDENTIFIER = jp.ac.fun.HelloWorld;
				PRODUCT_NAME = "$(TARGET_NAME)";
				SWIFT_VERSION = 5.0;
				TARGETED_DEVICE_FAMILY = "1,2";
			};
			name = Debug;
		};
		250793D422FFDC3500C43E59 /* Release */ = {
			isa = XCBuildConfiguration;
			buildSettings = {
				ASSETCATALOG_COMPILER_APPICON_NAME = AppIcon;
				CODE_SIGN_STYLE = Automatic;
				DEVELOPMENT_TEAM = CD6K2B62GW;
				INFOPLIST_FILE = HelloWorld/Info.plist;
				IPHONEOS_DEPLOYMENT_TARGET = 12.4;
				LD_RUNPATH_SEARCH_PATHS = (
					"$(inherited)",
					"@executable_path/Frameworks",
				);
				PRODUCT_BUNDLE_IDENTIFIER = jp.ac.fun.HelloWorld;
				PRODUCT_NAME = "$(TARGET_NAME)";
				SWIFT_VERSION = 5.0;
				TARGETED_DEVICE_FAMILY = "1,2";
			};
			name = Release;
		};
		250793D622FFDC3500C43E59 /* Debug */ = {
			isa = XCBuildConfiguration;
			buildSettings = {
				ALWAYS_EMBED_SWIFT_STANDARD_LIBRARIES = YES;
				BUNDLE_LOADER = "$(TEST_HOST)";
				CODE_SIGN_STYLE = Automatic;
				INFOPLIST_FILE = HelloWorldTests/Info.plist;
				LD_RUNPATH_SEARCH_PATHS = (
					"$(inherited)",
					"@executable_path/Frameworks",
					"@loader_path/Frameworks",
				);
				PRODUCT_BUNDLE_IDENTIFIER = jp.ac.fun.HelloWorldTests;
				PRODUCT_NAME = "$(TARGET_NAME)";
				SWIFT_VERSION = 5.0;
				TARGETED_DEVICE_FAMILY = "1,2";
				TEST_HOST = "$(BUILT_PRODUCTS_DIR)/HelloWorld.app/HelloWorld";
			};
			name = Debug;
		};
		250793D722FFDC3500C43E59 /* Release */ = {
			isa = XCBuildConfiguration;
			buildSettings = {
				ALWAYS_EMBED_SWIFT_STANDARD_LIBRARIES = YES;
				BUNDLE_LOADER = "$(TEST_HOST)";
				CODE_SIGN_STYLE = Automatic;
				INFOPLIST_FILE = HelloWorldTests/Info.plist;
				LD_RUNPATH_SEARCH_PATHS = (
					"$(inherited)",
					"@executable_path/Frameworks",
					"@loader_path/Frameworks",
				);
				PRODUCT_BUNDLE_IDENTIFIER = jp.ac.fun.HelloWorldTests;
				PRODUCT_NAME = "$(TARGET_NAME)";
				SWIFT_VERSION = 5.0;
				TARGETED_DEVICE_FAMILY = "1,2";
				TEST_HOST = "$(BUILT_PRODUCTS_DIR)/HelloWorld.app/HelloWorld";
			};
			name = Release;
		};
		250793D922FFDC3500C43E59 /* Debug */ = {
			isa = XCBuildConfiguration;
			buildSettings = {
				ALWAYS_EMBED_SWIFT_STANDARD_LIBRARIES = YES;
				CODE_SIGN_STYLE = Automatic;
				INFOPLIST_FILE = HelloWorldUITests/Info.plist;
				LD_RUNPATH_SEARCH_PATHS = (
					"$(inherited)",
					"@executable_path/Frameworks",
					"@loader_path/Frameworks",
				);
				PRODUCT_BUNDLE_IDENTIFIER = jp.ac.fun.HelloWorldUITests;
				PRODUCT_NAME = "$(TARGET_NAME)";
				SWIFT_VERSION = 5.0;
				TARGETED_DEVICE_FAMILY = "1,2";
				TEST_TARGET_NAME = HelloWorld;
			};
			name = Debug;
		};
		250793DA22FFDC3500C43E59 /* Release */ = {
			isa = XCBuildConfiguration;
			buildSettings = {
				ALWAYS_EMBED_SWIFT_STANDARD_LIBRARIES = YES;
				CODE_SIGN_STYLE = Automatic;
				INFOPLIST_FILE = HelloWorldUITests/Info.plist;
				LD_RUNPATH_SEARCH_PATHS = (
					"$(inherited)",
					"@executable_path/Frameworks",
					"@loader_path/Frameworks",
				);
				PRODUCT_BUNDLE_IDENTIFIER = jp.ac.fun.HelloWorldUITests;
				PRODUCT_NAME = "$(TARGET_NAME)";
				SWIFT_VERSION = 5.0;
				TARGETED_DEVICE_FAMILY = "1,2";
				TEST_TARGET_NAME = HelloWorld;
			};
			name = Release;
		};
/* End XCBuildConfiguration section */

/* Begin XCConfigurationList section */
		250793A522FFDC3400C43E59 /* Build configuration list for PBXProject "HelloWorld" */ = {
			isa = XCConfigurationList;
			buildConfigurations = (
				250793D022FFDC3500C43E59 /* Debug */,
				250793D122FFDC3500C43E59 /* Release */,
			);
			defaultConfigurationIsVisible = 0;
			defaultConfigurationName = Release;
		};
		250793D222FFDC3500C43E59 /* Build configuration list for PBXNativeTarget "HelloWorld" */ = {
			isa = XCConfigurationList;
			buildConfigurations = (
				250793D322FFDC3500C43E59 /* Debug */,
				250793D422FFDC3500C43E59 /* Release */,
			);
			defaultConfigurationIsVisible = 0;
			defaultConfigurationName = Release;
		};
		250793D522FFDC3500C43E59 /* Build configuration list for PBXNativeTarget "HelloWorldTests" */ = {
			isa = XCConfigurationList;
			buildConfigurations = (
				250793D622FFDC3500C43E59 /* Debug */,
				250793D722FFDC3500C43E59 /* Release */,
			);
			defaultConfigurationIsVisible = 0;
			defaultConfigurationName = Release;
		};
		250793D822FFDC3500C43E59 /* Build configuration list for PBXNativeTarget "HelloWorldUITests" */ = {
			isa = XCConfigurationList;
			buildConfigurations = (
				250793D922FFDC3500C43E59 /* Debug */,
				250793DA22FFDC3500C43E59 /* Release */,
			);
			defaultConfigurationIsVisible = 0;
			defaultConfigurationName = Release;
		};
/* End XCConfigurationList section */
	};
	rootObject = 250793A222FFDC3400C43E59 /* Project object */;
}
