// !$*UTF8*$!
{
	archiveVersion = 1;
	classes = {
	};
	objectVersion = 50;
	objects = {

/* Begin PBXBuildFile section */
		2520B0892362E31100BC7DEC /* AppDelegate.swift in Sources */ = {isa = PBXBuildFile; fileRef = 2520B0882362E31100BC7DEC /* AppDelegate.swift */; };
		2520B08B2362E31100BC7DEC /* SceneDelegate.swift in Sources */ = {isa = PBXBuildFile; fileRef = 2520B08A2362E31100BC7DEC /* SceneDelegate.swift */; };
		2520B08D2362E31100BC7DEC /* ViewController.swift in Sources */ = {isa = PBXBuildFile; fileRef = 2520B08C2362E31100BC7DEC /* ViewController.swift */; };
		2520B0902362E31100BC7DEC /* Main.storyboard in Resources */ = {isa = PBXBuildFile; fileRef = 2520B08E2362E31100BC7DEC /* Main.storyboard */; };
		2520B0922362E31300BC7DEC /* Assets.xcassets in Resources */ = {isa = PBXBuildFile; fileRef = 2520B0912362E31300BC7DEC /* Assets.xcassets */; };
		2520B0952362E31300BC7DEC /* LaunchScreen.storyboard in Resources */ = {isa = PBXBuildFile; fileRef = 2520B0932362E31300BC7DEC /* LaunchScreen.storyboard */; };
		2520B09E2362E42200BC7DEC /* CoreLocation.framework in Frameworks */ = {isa = PBXBuildFile; fileRef = 2520B09D2362E42200BC7DEC /* CoreLocation.framework */; };
/* End PBXBuildFile section */

/* Begin PBXFileReference section */
		2520B0852362E31100BC7DEC /* iBeaconReceive2.app */ = {isa = PBXFileReference; explicitFileType = wrapper.application; includeInIndex = 0; path = iBeaconReceive2.app; sourceTree = BUILT_PRODUCTS_DIR; };
		2520B0882362E31100BC7DEC /* AppDelegate.swift */ = {isa = PBXFileReference; lastKnownFileType = sourcecode.swift; path = AppDelegate.swift; sourceTree = "<group>"; };
		2520B08A2362E31100BC7DEC /* SceneDelegate.swift */ = {isa = PBXFileReference; lastKnownFileType = sourcecode.swift; path = SceneDelegate.swift; sourceTree = "<group>"; };
		2520B08C2362E31100BC7DEC /* ViewController.swift */ = {isa = PBXFileReference; lastKnownFileType = sourcecode.swift; path = ViewController.swift; sourceTree = "<group>"; };
		2520B08F2362E31100BC7DEC /* Base */ = {isa = PBXFileReference; lastKnownFileType = file.storyboard; name = Base; path = Base.lproj/Main.storyboard; sourceTree = "<group>"; };
		2520B0912362E31300BC7DEC /* Assets.xcassets */ = {isa = PBXFileReference; lastKnownFileType = folder.assetcatalog; path = Assets.xcassets; sourceTree = "<group>"; };
		2520B0942362E31300BC7DEC /* Base */ = {isa = PBXFileReference; lastKnownFileType = file.storyboard; name = Base; path = Base.lproj/LaunchScreen.storyboard; sourceTree = "<group>"; };
		2520B0962362E31300BC7DEC /* Info.plist */ = {isa = PBXFileReference; lastKnownFileType = text.plist.xml; path = Info.plist; sourceTree = "<group>"; };
		2520B09D2362E42200BC7DEC /* CoreLocation.framework */ = {isa = PBXFileReference; lastKnownFileType = wrapper.framework; name = CoreLocation.framework; path = System/Library/Frameworks/CoreLocation.framework; sourceTree = SDKROOT; };
/* End PBXFileReference section */

/* Begin PBXFrameworksBuildPhase section */
		2520B0822362E31100BC7DEC /* Frameworks */ = {
			isa = PBXFrameworksBuildPhase;
			buildActionMask = 2147483647;
			files = (
				2520B09E2362E42200BC7DEC /* CoreLocation.framework in Frameworks */,
			);
			runOnlyForDeploymentPostprocessing = 0;
		};
/* End PBXFrameworksBuildPhase section */

/* Begin PBXGroup section */
		2520B07C2362E31100BC7DEC = {
			isa = PBXGroup;
			children = (
				2520B0872362E31100BC7DEC /* iBeaconReceive2 */,
				2520B0862362E31100BC7DEC /* Products */,
				2520B09C2362E42200BC7DEC /* Frameworks */,
			);
			sourceTree = "<group>";
		};
		2520B0862362E31100BC7DEC /* Products */ = {
			isa = PBXGroup;
			children = (
				2520B0852362E31100BC7DEC /* iBeaconReceive2.app */,
			);
			name = Products;
			sourceTree = "<group>";
		};
		2520B0872362E31100BC7DEC /* iBeaconReceive2 */ = {
			isa = PBXGroup;
			children = (
				2520B0882362E31100BC7DEC /* AppDelegate.swift */,
				2520B08A2362E31100BC7DEC /* SceneDelegate.swift */,
				2520B08C2362E31100BC7DEC /* ViewController.swift */,
				2520B08E2362E31100BC7DEC /* Main.storyboard */,
				2520B0912362E31300BC7DEC /* Assets.xcassets */,
				2520B0932362E31300BC7DEC /* LaunchScreen.storyboard */,
				2520B0962362E31300BC7DEC /* Info.plist */,
			);
			path = iBeaconReceive2;
			sourceTree = "<group>";
		};
		2520B09C2362E42200BC7DEC /* Frameworks */ = {
			isa = PBXGroup;
			children = (
				2520B09D2362E42200BC7DEC /* CoreLocation.framework */,
			);
			name = Frameworks;
			sourceTree = "<group>";
		};
/* End PBXGroup section */

/* Begin PBXNativeTarget section */
		2520B0842362E31100BC7DEC /* iBeaconReceive2 */ = {
			isa = PBXNativeTarget;
			buildConfigurationList = 2520B0992362E31300BC7DEC /* Build configuration list for PBXNativeTarget "iBeaconReceive2" */;
			buildPhases = (
				2520B0812362E31100BC7DEC /* Sources */,
				2520B0822362E31100BC7DEC /* Frameworks */,
				2520B0832362E31100BC7DEC /* Resources */,
			);
			buildRules = (
			);
			dependencies = (
			);
			name = iBeaconReceive2;
			productName = iBeaconReceive2;
			productReference = 2520B0852362E31100BC7DEC /* iBeaconReceive2.app */;
			productType = "com.apple.product-type.application";
		};
/* End PBXNativeTarget section */

/* Begin PBXProject section */
		2520B07D2362E31100BC7DEC /* Project object */ = {
			isa = PBXProject;
			attributes = {
				LastSwiftUpdateCheck = 1110;
				LastUpgradeCheck = 1110;
				ORGANIZATIONNAME = "Shun Kuma";
				TargetAttributes = {
					2520B0842362E31100BC7DEC = {
						CreatedOnToolsVersion = 11.1;
					};
				};
			};
			buildConfigurationList = 2520B0802362E31100BC7DEC /* Build configuration list for PBXProject "iBeaconReceive2" */;
			compatibilityVersion = "Xcode 9.3";
			developmentRegion = en;
			hasScannedForEncodings = 0;
			knownRegions = (
				en,
				Base,
			);
			mainGroup = 2520B07C2362E31100BC7DEC;
			productRefGroup = 2520B0862362E31100BC7DEC /* Products */;
			projectDirPath = "";
			projectRoot = "";
			targets = (
				2520B0842362E31100BC7DEC /* iBeaconReceive2 */,
			);
		};
/* End PBXProject section */

/* Begin PBXResourcesBuildPhase section */
		2520B0832362E31100BC7DEC /* Resources */ = {
			isa = PBXResourcesBuildPhase;
			buildActionMask = 2147483647;
			files = (
				2520B0952362E31300BC7DEC /* LaunchScreen.storyboard in Resources */,
				2520B0922362E31300BC7DEC /* Assets.xcassets in Resources */,
				2520B0902362E31100BC7DEC /* Main.storyboard in Resources */,
			);
			runOnlyForDeploymentPostprocessing = 0;
		};
/* End PBXResourcesBuildPhase section */

/* Begin PBXSourcesBuildPhase section */
		2520B0812362E31100BC7DEC /* Sources */ = {
			isa = PBXSourcesBuildPhase;
			buildActionMask = 2147483647;
			files = (
				2520B08D2362E31100BC7DEC /* ViewController.swift in Sources */,
				2520B0892362E31100BC7DEC /* AppDelegate.swift in Sources */,
				2520B08B2362E31100BC7DEC /* SceneDelegate.swift in Sources */,
			);
			runOnlyForDeploymentPostprocessing = 0;
		};
/* End PBXSourcesBuildPhase section */

/* Begin PBXVariantGroup section */
		2520B08E2362E31100BC7DEC /* Main.storyboard */ = {
			isa = PBXVariantGroup;
			children = (
				2520B08F2362E31100BC7DEC /* Base */,
			);
			name = Main.storyboard;
			sourceTree = "<group>";
		};
		2520B0932362E31300BC7DEC /* LaunchScreen.storyboard */ = {
			isa = PBXVariantGroup;
			children = (
				2520B0942362E31300BC7DEC /* Base */,
			);
			name = LaunchScreen.storyboard;
			sourceTree = "<group>";
		};
/* End PBXVariantGroup section */

/* Begin XCBuildConfiguration section */
		2520B0972362E31300BC7DEC /* Debug */ = {
			isa = XCBuildConfiguration;
			buildSettings = {
				ALWAYS_SEARCH_USER_PATHS = NO;
				CLANG_ANALYZER_NONNULL = YES;
				CLANG_ANALYZER_NUMBER_OBJECT_CONVERSION = YES_AGGRESSIVE;
				CLANG_CXX_LANGUAGE_STANDARD = "gnu++14";
				CLANG_CXX_LIBRARY = "libc++";
				CLANG_ENABLE_MODULES = YES;
				CLANG_ENABLE_OBJC_ARC = YES;
				CLANG_ENABLE_OBJC_WEAK = YES;
				CLANG_WARN_BLOCK_CAPTURE_AUTORELEASING = YES;
				CLANG_WARN_BOOL_CONVERSION = YES;
				CLANG_WARN_COMMA = YES;
				CLANG_WARN_CONSTANT_CONVERSION = YES;
				CLANG_WARN_DEPRECATED_OBJC_IMPLEMENTATIONS = YES;
				CLANG_WARN_DIRECT_OBJC_ISA_USAGE = YES_ERROR;
				CLANG_WARN_DOCUMENTATION_COMMENTS = YES;
				CLANG_WARN_EMPTY_BODY = YES;
				CLANG_WARN_ENUM_CONVERSION = YES;
				CLANG_WARN_INFINITE_RECURSION = YES;
				CLANG_WARN_INT_CONVERSION = YES;
				CLANG_WARN_NON_LITERAL_NULL_CONVERSION = YES;
				CLANG_WARN_OBJC_IMPLICIT_RETAIN_SELF = YES;
				CLANG_WARN_OBJC_LITERAL_CONVERSION = YES;
				CLANG_WARN_OBJC_ROOT_CLASS = YES_ERROR;
				CLANG_WARN_RANGE_LOOP_ANALYSIS = YES;
				CLANG_WARN_STRICT_PROTOTYPES = YES;
				CLANG_WARN_SUSPICIOUS_MOVE = YES;
				CLANG_WARN_UNGUARDED_AVAILABILITY = YES_AGGRESSIVE;
				CLANG_WARN_UNREACHABLE_CODE = YES;
				CLANG_WARN__DUPLICATE_METHOD_MATCH = YES;
				COPY_PHASE_STRIP = NO;
				DEBUG_INFORMATION_FORMAT = dwarf;
				ENABLE_STRICT_OBJC_MSGSEND = YES;
				ENABLE_TESTABILITY = YES;
				GCC_C_LANGUAGE_STANDARD = gnu11;
				GCC_DYNAMIC_NO_PIC = NO;
				GCC_NO_COMMON_BLOCKS = YES;
				GCC_OPTIMIZATION_LEVEL = 0;
				GCC_PREPROCESSOR_DEFINITIONS = (
					"DEBUG=1",
					"$(inherited)",
				);
				GCC_WARN_64_TO_32_BIT_CONVERSION = YES;
				GCC_WARN_ABOUT_RETURN_TYPE = YES_ERROR;
				GCC_WARN_UNDECLARED_SELECTOR = YES;
				GCC_WARN_UNINITIALIZED_AUTOS = YES_AGGRESSIVE;
				GCC_WARN_UNUSED_FUNCTION = YES;
				GCC_WARN_UNUSED_VARIABLE = YES;
				IPHONEOS_DEPLOYMENT_TARGET = 13.1;
				MTL_ENABLE_DEBUG_INFO = INCLUDE_SOURCE;
				MTL_FAST_MATH = YES;
				ONLY_ACTIVE_ARCH = YES;
				SDKROOT = iphoneos;
				SWIFT_ACTIVE_COMPILATION_CONDITIONS = DEBUG;
				SWIFT_OPTIMIZATION_LEVEL = "-Onone";
			};
			name = Debug;
		};
		2520B0982362E31300BC7DEC /* Release */ = {
			isa = XCBuildConfiguration;
			buildSettings = {
				ALWAYS_SEARCH_USER_PATHS = NO;
				CLANG_ANALYZER_NONNULL = YES;
				CLANG_ANALYZER_NUMBER_OBJECT_CONVERSION = YES_AGGRESSIVE;
				CLANG_CXX_LANGUAGE_STANDARD = "gnu++14";
				CLANG_CXX_LIBRARY = "libc++";
				CLANG_ENABLE_MODULES = YES;
				CLANG_ENABLE_OBJC_ARC = YES;
				CLANG_ENABLE_OBJC_WEAK = YES;
				CLANG_WARN_BLOCK_CAPTURE_AUTORELEASING = YES;
				CLANG_WARN_BOOL_CONVERSION = YES;
				CLANG_WARN_COMMA = YES;
				CLANG_WARN_CONSTANT_CONVERSION = YES;
				CLANG_WARN_DEPRECATED_OBJC_IMPLEMENTATIONS = YES;
				CLANG_WARN_DIRECT_OBJC_ISA_USAGE = YES_ERROR;
				CLANG_WARN_DOCUMENTATION_COMMENTS = YES;
				CLANG_WARN_EMPTY_BODY = YES;
				CLANG_WARN_ENUM_CONVERSION = YES;
				CLANG_WARN_INFINITE_RECURSION = YES;
				CLANG_WARN_INT_CONVERSION = YES;
				CLANG_WARN_NON_LITERAL_NULL_CONVERSION = YES;
				CLANG_WARN_OBJC_IMPLICIT_RETAIN_SELF = YES;
				CLANG_WARN_OBJC_LITERAL_CONVERSION = YES;
				CLANG_WARN_OBJC_ROOT_CLASS = YES_ERROR;
				CLANG_WARN_RANGE_LOOP_ANALYSIS = YES;
				CLANG_WARN_STRICT_PROTOTYPES = YES;
				CLANG_WARN_SUSPICIOUS_MOVE = YES;
				CLANG_WARN_UNGUARDED_AVAILABILITY = YES_AGGRESSIVE;
				CLANG_WARN_UNREACHABLE_CODE = YES;
				CLANG_WARN__DUPLICATE_METHOD_MATCH = YES;
				COPY_PHASE_STRIP = NO;
				DEBUG_INFORMATION_FORMAT = "dwarf-with-dsym";
				ENABLE_NS_ASSERTIONS = NO;
				ENABLE_STRICT_OBJC_MSGSEND = YES;
				GCC_C_LANGUAGE_STANDARD = gnu11;
				GCC_NO_COMMON_BLOCKS = YES;
				GCC_WARN_64_TO_32_BIT_CONVERSION = YES;
				GCC_WARN_ABOUT_RETURN_TYPE = YES_ERROR;
				GCC_WARN_UNDECLARED_SELECTOR = YES;
				GCC_WARN_UNINITIALIZED_AUTOS = YES_AGGRESSIVE;
				GCC_WARN_UNUSED_FUNCTION = YES;
				GCC_WARN_UNUSED_VARIABLE = YES;
				IPHONEOS_DEPLOYMENT_TARGET = 13.1;
				MTL_ENABLE_DEBUG_INFO = NO;
				MTL_FAST_MATH = YES;
				SDKROOT = iphoneos;
				SWIFT_COMPILATION_MODE = wholemodule;
				SWIFT_OPTIMIZATION_LEVEL = "-O";
				VALIDATE_PRODUCT = YES;
			};
			name = Release;
		};
		2520B09A2362E31300BC7DEC /* Debug */ = {
			isa = XCBuildConfiguration;
			buildSettings = {
				ASSETCATALOG_COMPILER_APPICON_NAME = AppIcon;
				CODE_SIGN_STYLE = Automatic;
				DEVELOPMENT_TEAM = CD6K2B62GW;
				INFOPLIST_FILE = iBeaconReceive2/Info.plist;
				IPHONEOS_DEPLOYMENT_TARGET = 12.4;
				LD_RUNPATH_SEARCH_PATHS = (
					"$(inherited)",
					"@executable_path/Frameworks",
				);
				MARKETING_VERSION = 1.0;
				PRODUCT_BUNDLE_IDENTIFIER = jp.ac.fun.iBeaconReceive2;
				PRODUCT_NAME = "$(TARGET_NAME)";
				SWIFT_VERSION = 4.2;
				TARGETED_DEVICE_FAMILY = "1,2";
			};
			name = Debug;
		};
		2520B09B2362E31300BC7DEC /* Release */ = {
			isa = XCBuildConfiguration;
			buildSettings = {
				ASSETCATALOG_COMPILER_APPICON_NAME = AppIcon;
				CODE_SIGN_STYLE = Automatic;
				DEVELOPMENT_TEAM = CD6K2B62GW;
				INFOPLIST_FILE = iBeaconReceive2/Info.plist;
				IPHONEOS_DEPLOYMENT_TARGET = 12.4;
				LD_RUNPATH_SEARCH_PATHS = (
					"$(inherited)",
					"@executable_path/Frameworks",
				);
				MARKETING_VERSION = 1.0;
				PRODUCT_BUNDLE_IDENTIFIER = jp.ac.fun.iBeaconReceive2;
				PRODUCT_NAME = "$(TARGET_NAME)";
				SWIFT_VERSION = 4.2;
				TARGETED_DEVICE_FAMILY = "1,2";
			};
			name = Release;
		};
/* End XCBuildConfiguration section */

/* Begin XCConfigurationList section */
		2520B0802362E31100BC7DEC /* Build configuration list for PBXProject "iBeaconReceive2" */ = {
			isa = XCConfigurationList;
			buildConfigurations = (
				2520B0972362E31300BC7DEC /* Debug */,
				2520B0982362E31300BC7DEC /* Release */,
			);
			defaultConfigurationIsVisible = 0;
			defaultConfigurationName = Release;
		};
		2520B0992362E31300BC7DEC /* Build configuration list for PBXNativeTarget "iBeaconReceive2" */ = {
			isa = XCConfigurationList;
			buildConfigurations = (
				2520B09A2362E31300BC7DEC /* Debug */,
				2520B09B2362E31300BC7DEC /* Release */,
			);
			defaultConfigurationIsVisible = 0;
			defaultConfigurationName = Release;
		};
/* End XCConfigurationList section */
	};
	rootObject = 2520B07D2362E31100BC7DEC /* Project object */;
}
